
Microsoft Visual Studio Solution File, Format Version 12.00
# Visual Studio Version 17
VisualStudioVersion = 17.3.32929.385
MinimumVisualStudioVersion = 10.0.40219.1
Project("{9A19103F-16F7-4668-BE54-9A1E7A4F7556}") = "Data", "Data\Data.csproj", "{2529463D-C055-4D7B-9960-04FC20627F4A}"
EndProject
Project("{9A19103F-16F7-4668-BE54-9A1E7A4F7556}") = "DataUnitTests", "DataUnitTests\DataUnitTests.csproj", "{F49A0FCC-0E42-4D37-8ED3-5EFE1DE0BF00}"
EndProject
Project("{9A19103F-16F7-4668-BE54-9A1E7A4F7556}") = "Hack22", "WebUI\Hack22.csproj", "{7980C6F5-5B85-4523-B243-0A4E5585966C}"
EndProject
Global
	GlobalSection(SolutionConfigurationPlatforms) = preSolution
		Debug|Any CPU = Debug|Any CPU
		Release|Any CPU = Release|Any CPU
	EndGlobalSection
	GlobalSection(ProjectConfigurationPlatforms) = postSolution
		{2529463D-C055-4D7B-9960-04FC20627F4A}.Debug|Any CPU.ActiveCfg = Debug|Any CPU
		{2529463D-C055-4D7B-9960-04FC20627F4A}.Debug|Any CPU.Build.0 = Debug|Any CPU
		{2529463D-C055-4D7B-9960-04FC20627F4A}.Release|Any CPU.ActiveCfg = Release|Any CPU
		{2529463D-C055-4D7B-9960-04FC20627F4A}.Release|Any CPU.Build.0 = Release|Any CPU
		{F49A0FCC-0E42-4D37-8ED3-5EFE1DE0BF00}.Debug|Any CPU.ActiveCfg = Debug|Any CPU
		{F49A0FCC-0E42-4D37-8ED3-5EFE1DE0BF00}.Debug|Any CPU.Build.0 = Debug|Any CPU
		{F49A0FCC-0E42-4D37-8ED3-5EFE1DE0BF00}.Release|Any CPU.ActiveCfg = Release|Any CPU
		{F49A0FCC-0E42-4D37-8ED3-5EFE1DE0BF00}.Release|Any CPU.Build.0 = Release|Any CPU
		{7980C6F5-5B85-4523-B243-0A4E5585966C}.Debug|Any CPU.ActiveCfg = Debug|Any CPU
		{7980C6F5-5B85-4523-B243-0A4E5585966C}.Debug|Any CPU.Build.0 = Debug|Any CPU
		{7980C6F5-5B85-4523-B243-0A4E5585966C}.Release|Any CPU.ActiveCfg = Release|Any CPU
		{7980C6F5-5B85-4523-B243-0A4E5585966C}.Release|Any CPU.Build.0 = Release|Any CPU
	EndGlobalSection
	GlobalSection(SolutionProperties) = preSolution
		HideSolutionNode = FALSE
	EndGlobalSection
	GlobalSection(ExtensibilityGlobals) = postSolution
		SolutionGuid = {E00D8038-F9AE-456D-82A8-DFE255B24541}
	EndGlobalSection
EndGlobal
